
Microsoft Visual Studio Solution File, Format Version 12.00
# Visual Studio Version 17
VisualStudioVersion = 17.6.33815.320
MinimumVisualStudioVersion = 10.0.40219.1
Project("{FAE04EC0-301F-11D3-BF4B-00C04F79EFBC}") = "SchoolBusModels", "SchoolBusModels\SchoolBusModels.csproj", "{297E39A6-90DD-457B-9314-EA5C7F0F96B6}"
EndProject
Project("{FAE04EC0-301F-11D3-BF4B-00C04F79EFBC}") = "SchoolBus.Data", "SchoolBus.Data\SchoolBus.Data.csproj", "{DA97EE15-77FB-4927-BC68-156BDD779FF0}"
EndProject
Project("{FAE04EC0-301F-11D3-BF4B-00C04F79EFBC}") = "SchoolBus.Presentation", "SchoolBus.Presentation\SchoolBus.Presentation.csproj", "{63AB1A70-DFEA-489D-AB71-1B509B1B3A81}"
EndProject
Global
	GlobalSection(SolutionConfigurationPlatforms) = preSolution
		Debug|Any CPU = Debug|Any CPU
		Release|Any CPU = Release|Any CPU
	EndGlobalSection
	GlobalSection(ProjectConfigurationPlatforms) = postSolution
		{297E39A6-90DD-457B-9314-EA5C7F0F96B6}.Debug|Any CPU.ActiveCfg = Debug|Any CPU
		{297E39A6-90DD-457B-9314-EA5C7F0F96B6}.Debug|Any CPU.Build.0 = Debug|Any CPU
		{297E39A6-90DD-457B-9314-EA5C7F0F96B6}.Release|Any CPU.ActiveCfg = Release|Any CPU
		{297E39A6-90DD-457B-9314-EA5C7F0F96B6}.Release|Any CPU.Build.0 = Release|Any CPU
		{DA97EE15-77FB-4927-BC68-156BDD779FF0}.Debug|Any CPU.ActiveCfg = Debug|Any CPU
		{DA97EE15-77FB-4927-BC68-156BDD779FF0}.Debug|Any CPU.Build.0 = Debug|Any CPU
		{DA97EE15-77FB-4927-BC68-156BDD779FF0}.Release|Any CPU.ActiveCfg = Release|Any CPU
		{DA97EE15-77FB-4927-BC68-156BDD779FF0}.Release|Any CPU.Build.0 = Release|Any CPU
		{63AB1A70-DFEA-489D-AB71-1B509B1B3A81}.Debug|Any CPU.ActiveCfg = Debug|Any CPU
		{63AB1A70-DFEA-489D-AB71-1B509B1B3A81}.Debug|Any CPU.Build.0 = Debug|Any CPU
		{63AB1A70-DFEA-489D-AB71-1B509B1B3A81}.Release|Any CPU.ActiveCfg = Release|Any CPU
		{63AB1A70-DFEA-489D-AB71-1B509B1B3A81}.Release|Any CPU.Build.0 = Release|Any CPU
	EndGlobalSection
	GlobalSection(SolutionProperties) = preSolution
		HideSolutionNode = FALSE
	EndGlobalSection
	GlobalSection(ExtensibilityGlobals) = postSolution
		SolutionGuid = {066B47D0-9E06-4141-BA86-5078EB80F3DA}
	EndGlobalSection
EndGlobal
